
Microsoft Visual Studio Solution File, Format Version 12.00
# Visual Studio Version 16
VisualStudioVersion = 16.0.30523.141
MinimumVisualStudioVersion = 10.0.40219.1
Project("{FAE04EC0-301F-11D3-BF4B-00C04F79EFBC}") = "Admin", "Admin\Admin.csproj", "{6BD60F88-3AC2-4CB8-9219-9956D9D5046B}"
EndProject
Global
	GlobalSection(SolutionConfigurationPlatforms) = preSolution
		Debug|Any CPU = Debug|Any CPU
		Release|Any CPU = Release|Any CPU
	EndGlobalSection
	GlobalSection(ProjectConfigurationPlatforms) = postSolution
		{6BD60F88-3AC2-4CB8-9219-9956D9D5046B}.Debug|Any CPU.ActiveCfg = Debug|Any CPU
		{6BD60F88-3AC2-4CB8-9219-9956D9D5046B}.Debug|Any CPU.Build.0 = Debug|Any CPU
		{6BD60F88-3AC2-4CB8-9219-9956D9D5046B}.Release|Any CPU.ActiveCfg = Release|Any CPU
		{6BD60F88-3AC2-4CB8-9219-9956D9D5046B}.Release|Any CPU.Build.0 = Release|Any CPU
	EndGlobalSection
	GlobalSection(SolutionProperties) = preSolution
		HideSolutionNode = FALSE
	EndGlobalSection
	GlobalSection(ExtensibilityGlobals) = postSolution
		SolutionGuid = {B9BABCE4-D561-4008-8A61-3EE4867454AA}
	EndGlobalSection
EndGlobal
